<?xml version="1.0" encoding="utf-8"?>
<Project ToolsVersion="4.0" xmlns="http://schemas.microsoft.com/developer/msbuild/2003">
  <ItemGroup>
    <Filter Include="源文件">
      <UniqueIdentifier>{4FC737F1-C7A5-4376-A066-2A32D752A2FF}</UniqueIdentifier>
      <Extensions>cpp;c;cc;cxx;c++;cppm;ixx;def;odl;idl;hpj;bat;asm;asmx</Extensions>
    </Filter>
    <Filter Include="头文件">
      <UniqueIdentifier>{93995380-89BD-4b04-88EB-625FBE52EBFB}</UniqueIdentifier>
      <Extensions>h;hh;hpp;hxx;h++;hm;inl;inc;ipp;xsd</Extensions>
    </Filter>
    <Filter Include="资源文件">
      <UniqueIdentifier>{67DA6AB6-F800-4c08-8B7A-83BB121AAD01}</UniqueIdentifier>
      <Extensions>rc;ico;cur;bmp;dlg;rc2;rct;bin;rgs;gif;jpg;jpeg;jpe;resx;tiff;tif;png;wav;mfcribbon-ms</Extensions>
    </Filter>
    <Filter Include="源文件\engine">
      <UniqueIdentifier>{0dfa0ccd-c184-4818-a98b-efbcf243c5ac}</UniqueIdentifier>
    </Filter>
    <Filter Include="源文件\engine\Runtime">
      <UniqueIdentifier>{0f03122d-58ee-4f3c-8c36-ced6bbd0dcd9}</UniqueIdentifier>
    </Filter>
    <Filter Include="源文件\engine\Runtime\Render">
      <UniqueIdentifier>{ba71cf8f-aee6-481a-8ce7-5b70b1b6597f}</UniqueIdentifier>
    </Filter>
    <Filter Include="源文件\Editor">
      <UniqueIdentifier>{5e0bea4c-f541-4a75-ab43-49898bc5fe32}</UniqueIdentifier>
    </Filter>
    <Filter Include="源文件\Editor\source">
      <UniqueIdentifier>{981315df-e991-4c65-bdba-7df8ae1b55b5}</UniqueIdentifier>
    </Filter>
    <Filter Include="源文件\Editor\include">
      <UniqueIdentifier>{907ebb63-db02-441e-b23a-fda3545dab70}</UniqueIdentifier>
    </Filter>
    <Filter Include="源文件\engine\Runtime\ui">
      <UniqueIdentifier>{f34b486a-6cce-4e77-8b73-46e5c2e32f67}</UniqueIdentifier>
    </Filter>
    <Filter Include="源文件\engine\Runtime\Render\rhi">
      <UniqueIdentifier>{e580e0eb-0b52-4de1-9e97-bab3be2bec9d}</UniqueIdentifier>
    </Filter>
    <Filter Include="源文件\engine\Runtime\core">
      <UniqueIdentifier>{f2cc0e70-7023-4b8b-addc-5dad1a25047d}</UniqueIdentifier>
    </Filter>
    <Filter Include="源文件\engine\Runtime\core\math">
      <UniqueIdentifier>{ddcb6d97-b9bd-452e-a7ed-5f05c6c37da7}</UniqueIdentifier>
    </Filter>
    <Filter Include="源文件\engine\Runtime\function">
      <UniqueIdentifier>{da88d8a4-c54a-4299-8d20-a3e18c90630d}</UniqueIdentifier>
    </Filter>
  </ItemGroup>
  <ItemGroup>
    <ClCompile Include="engine\engine.cpp">
      <Filter>源文件\engine</Filter>
    </ClCompile>
    <ClCompile Include="editor\editor.cpp">
      <Filter>源文件\Editor\source</Filter>
    </ClCompile>
    <ClCompile Include="editor\main.cpp">
      <Filter>源文件\Editor\source</Filter>
    </ClCompile>
    <ClCompile Include="engine\Render_pass.cpp">
      <Filter>源文件\engine\Runtime\Render</Filter>
    </ClCompile>
    <ClCompile Include="engine\Runtime\ui\window_ui.cpp">
      <Filter>源文件\engine\Runtime\ui</Filter>
    </ClCompile>
    <ClCompile Include="editor\editor_ui.cpp">
      <Filter>源文件\Editor\source</Filter>
    </ClCompile>
    <ClCompile Include="engine\Runtime\Render\RHI\dx12\dx12_rhi.cpp">
      <Filter>源文件\engine\Runtime\Render\rhi</Filter>
    </ClCompile>
    <ClCompile Include="engine\Runtime\Render\rhi.cpp">
      <Filter>源文件\engine\Runtime\Render</Filter>
    </ClCompile>
    <ClCompile Include="engine\Runtime\Render\render_system.cpp">
      <Filter>源文件\engine\Runtime\Render</Filter>
    </ClCompile>
    <ClCompile Include="engine\Runtime\Render\window_system.cpp">
      <Filter>源文件\engine\Runtime\Render</Filter>
    </ClCompile>
    <ClCompile Include="engine\Runtime\core\math\axis_aligned.cpp">
      <Filter>源文件\engine\Runtime\core\math</Filter>
    </ClCompile>
    <ClCompile Include="engine\Runtime\core\math\math.cpp">
      <Filter>源文件\engine\Runtime\core\math</Filter>
    </ClCompile>
    <ClCompile Include="engine\Runtime\core\math\matrix3.cpp">
      <Filter>源文件\engine\Runtime\core\math</Filter>
    </ClCompile>
    <ClCompile Include="engine\Runtime\core\math\matrix4.cpp">
      <Filter>源文件\engine\Runtime\core\math</Filter>
    </ClCompile>
    <ClCompile Include="engine\Runtime\core\math\quaternion.cpp">
      <Filter>源文件\engine\Runtime\core\math</Filter>
    </ClCompile>
    <ClCompile Include="engine\Runtime\core\math\vector2.cpp">
      <Filter>源文件\engine\Runtime\core\math</Filter>
    </ClCompile>
    <ClCompile Include="engine\Runtime\core\math\vector3.cpp">
      <Filter>源文件\engine\Runtime\core\math</Filter>
    </ClCompile>
    <ClCompile Include="engine\Runtime\core\math\vector4.cpp">
      <Filter>源文件\engine\Runtime\core\math</Filter>
    </ClCompile>
    <ClCompile Include="engine\Runtime\function\global_context.cpp">
      <Filter>源文件\engine\Runtime\function</Filter>
    </ClCompile>
    <ClCompile Include="engine\Runtime\Render\ui_pass.cpp">
      <Filter>源文件\engine\Runtime\Render</Filter>
    </ClCompile>
  </ItemGroup>
  <ItemGroup>
    <ClInclude Include="engine\engine.h">
      <Filter>源文件\engine</Filter>
    </ClInclude>
    <ClInclude Include="editor\editor.h">
      <Filter>源文件\Editor\include</Filter>
    </ClInclude>
    <ClInclude Include="engine\Runtime\ui\window_ui.h">
      <Filter>源文件\engine\Runtime\ui</Filter>
    </ClInclude>
    <ClInclude Include="editor\editor_ui.h">
      <Filter>源文件\Editor\include</Filter>
    </ClInclude>
    <ClInclude Include="engine\Runtime\Render\RHI\dx12\dx12_rhi.h">
      <Filter>源文件\engine\Runtime\Render\rhi</Filter>
    </ClInclude>
    <ClInclude Include="engine\Runtime\Render\rhi.h">
      <Filter>源文件\engine\Runtime\Render</Filter>
    </ClInclude>
    <ClInclude Include="engine\Runtime\Render\render_system.h">
      <Filter>源文件\engine\Runtime\Render</Filter>
    </ClInclude>
    <ClInclude Include="engine\Runtime\Render\window_system.h">
      <Filter>源文件\engine\Runtime\Render</Filter>
    </ClInclude>
    <ClInclude Include="engine\Runtime\core\math\axis_aligned.h">
      <Filter>源文件\engine\Runtime\core\math</Filter>
    </ClInclude>
    <ClInclude Include="engine\Runtime\core\math\math.h">
      <Filter>源文件\engine\Runtime\core\math</Filter>
    </ClInclude>
    <ClInclude Include="engine\Runtime\core\math\math_headers.h">
      <Filter>源文件\engine\Runtime\core\math</Filter>
    </ClInclude>
    <ClInclude Include="engine\Runtime\core\math\math_marcos.h">
      <Filter>源文件\engine\Runtime\core\math</Filter>
    </ClInclude>
    <ClInclude Include="engine\Runtime\core\math\matrix3.h">
      <Filter>源文件\engine\Runtime\core\math</Filter>
    </ClInclude>
    <ClInclude Include="engine\Runtime\core\math\matrix4.h">
      <Filter>源文件\engine\Runtime\core\math</Filter>
    </ClInclude>
    <ClInclude Include="engine\Runtime\core\math\quaternion.h">
      <Filter>源文件\engine\Runtime\core\math</Filter>
    </ClInclude>
    <ClInclude Include="engine\Runtime\core\math\random.h">
      <Filter>源文件\engine\Runtime\core\math</Filter>
    </ClInclude>
    <ClInclude Include="engine\Runtime\core\math\transform.h">
      <Filter>源文件\engine\Runtime\core\math</Filter>
    </ClInclude>
    <ClInclude Include="engine\Runtime\core\math\vector2.h">
      <Filter>源文件\engine\Runtime\core\math</Filter>
    </ClInclude>
    <ClInclude Include="engine\Runtime\core\math\vector3.h">
      <Filter>源文件\engine\Runtime\core\math</Filter>
    </ClInclude>
    <ClInclude Include="engine\Runtime\core\math\vector4.h">
      <Filter>源文件\engine\Runtime\core\math</Filter>
    </ClInclude>
    <ClInclude Include="engine\Runtime\function\global_context.h">
      <Filter>源文件\engine\Runtime\function</Filter>
    </ClInclude>
    <ClInclude Include="engine\Runtime\Render\ui_pass.h">
      <Filter>源文件\engine\Runtime\Render</Filter>
    </ClInclude>
  </ItemGroup>
</Project>